
Microsoft Visual Studio Solution File, Format Version 12.00
# Visual Studio Version 16
VisualStudioVersion = 16.0.30114.105
MinimumVisualStudioVersion = 10.0.40219.1
Project("{FAE04EC0-301F-11D3-BF4B-00C04F79EFBC}") = "OOP_lab_4_20_2", "OOP_lab_4_20_2\OOP_lab_4_20_2.csproj", "{6D1EDDD7-80B0-4F67-8BDF-46984229118A}"
EndProject
Project("{2150E333-8FDC-42A3-9474-1A3956D46DE8}") = "Solution Items", "Solution Items", "{DBE36B45-DD26-4E7D-B479-1D645FB73B38}"
	ProjectSection(SolutionItems) = preProject
		.travis.yml = .travis.yml
	EndProjectSection
EndProject
Global
	GlobalSection(SolutionConfigurationPlatforms) = preSolution
		Debug|Any CPU = Debug|Any CPU
		Release|Any CPU = Release|Any CPU
	EndGlobalSection
	GlobalSection(ProjectConfigurationPlatforms) = postSolution
		{6D1EDDD7-80B0-4F67-8BDF-46984229118A}.Debug|Any CPU.ActiveCfg = Debug|Any CPU
		{6D1EDDD7-80B0-4F67-8BDF-46984229118A}.Debug|Any CPU.Build.0 = Debug|Any CPU
		{6D1EDDD7-80B0-4F67-8BDF-46984229118A}.Release|Any CPU.ActiveCfg = Release|Any CPU
		{6D1EDDD7-80B0-4F67-8BDF-46984229118A}.Release|Any CPU.Build.0 = Release|Any CPU
	EndGlobalSection
	GlobalSection(SolutionProperties) = preSolution
		HideSolutionNode = FALSE
	EndGlobalSection
	GlobalSection(ExtensibilityGlobals) = postSolution
		SolutionGuid = {6ADC70F1-85B6-4E93-B330-2EC49A4C981A}
	EndGlobalSection
EndGlobal
